
Microsoft Visual Studio Solution File, Format Version 12.00
# Visual Studio 15
Project("{FAE04EC0-301F-11D3-BF4B-00C04F79EFBC}") = "Assembly-CSharp", "Assembly-CSharp.csproj", "{549A299E-F684-5346-5805-C4617175CBC5}"
EndProject
Project("{FAE04EC0-301F-11D3-BF4B-00C04F79EFBC}") = "Oculus.VR", "Oculus.VR.csproj", "{644102F2-2E94-19F9-0219-CDFEBA61F41E}"
EndProject
Project("{FAE04EC0-301F-11D3-BF4B-00C04F79EFBC}") = "Assembly-CSharp-Editor", "Assembly-CSharp-Editor.csproj", "{F1434D81-096F-03C5-1729-25610663C239}"
EndProject
Project("{FAE04EC0-301F-11D3-BF4B-00C04F79EFBC}") = "Oculus.VR.Scripts.Editor", "Oculus.VR.Scripts.Editor.csproj", "{A44286E9-6460-F415-E070-EE976A0EB425}"
EndProject
Project("{FAE04EC0-301F-11D3-BF4B-00C04F79EFBC}") = "Oculus.VR.Editor", "Oculus.VR.Editor.csproj", "{DDB5117C-4E8E-E08E-5291-4804EF06504B}"
EndProject
Global
	GlobalSection(SolutionConfigurationPlatforms) = preSolution
		Debug|Any CPU = Debug|Any CPU
		Release|Any CPU = Release|Any CPU
	EndGlobalSection
	GlobalSection(ProjectConfigurationPlatforms) = postSolution
		{549A299E-F684-5346-5805-C4617175CBC5}.Debug|Any CPU.ActiveCfg = Debug|Any CPU
		{549A299E-F684-5346-5805-C4617175CBC5}.Debug|Any CPU.Build.0 = Debug|Any CPU
		{549A299E-F684-5346-5805-C4617175CBC5}.Release|Any CPU.ActiveCfg = Release|Any CPU
		{549A299E-F684-5346-5805-C4617175CBC5}.Release|Any CPU.Build.0 = Release|Any CPU
		{644102F2-2E94-19F9-0219-CDFEBA61F41E}.Debug|Any CPU.ActiveCfg = Debug|Any CPU
		{644102F2-2E94-19F9-0219-CDFEBA61F41E}.Debug|Any CPU.Build.0 = Debug|Any CPU
		{644102F2-2E94-19F9-0219-CDFEBA61F41E}.Release|Any CPU.ActiveCfg = Release|Any CPU
		{644102F2-2E94-19F9-0219-CDFEBA61F41E}.Release|Any CPU.Build.0 = Release|Any CPU
		{F1434D81-096F-03C5-1729-25610663C239}.Debug|Any CPU.ActiveCfg = Debug|Any CPU
		{F1434D81-096F-03C5-1729-25610663C239}.Debug|Any CPU.Build.0 = Debug|Any CPU
		{F1434D81-096F-03C5-1729-25610663C239}.Release|Any CPU.ActiveCfg = Release|Any CPU
		{F1434D81-096F-03C5-1729-25610663C239}.Release|Any CPU.Build.0 = Release|Any CPU
		{A44286E9-6460-F415-E070-EE976A0EB425}.Debug|Any CPU.ActiveCfg = Debug|Any CPU
		{A44286E9-6460-F415-E070-EE976A0EB425}.Debug|Any CPU.Build.0 = Debug|Any CPU
		{A44286E9-6460-F415-E070-EE976A0EB425}.Release|Any CPU.ActiveCfg = Release|Any CPU
		{A44286E9-6460-F415-E070-EE976A0EB425}.Release|Any CPU.Build.0 = Release|Any CPU
		{DDB5117C-4E8E-E08E-5291-4804EF06504B}.Debug|Any CPU.ActiveCfg = Debug|Any CPU
		{DDB5117C-4E8E-E08E-5291-4804EF06504B}.Debug|Any CPU.Build.0 = Debug|Any CPU
		{DDB5117C-4E8E-E08E-5291-4804EF06504B}.Release|Any CPU.ActiveCfg = Release|Any CPU
		{DDB5117C-4E8E-E08E-5291-4804EF06504B}.Release|Any CPU.Build.0 = Release|Any CPU
	EndGlobalSection
	GlobalSection(SolutionProperties) = preSolution
		HideSolutionNode = FALSE
	EndGlobalSection
EndGlobal
